{"1.2.0",
[{<<"cowlib">>,{pkg,<<"cowlib">>,<<"2.13.0">>},2},
 {<<"gun">>,{pkg,<<"gun">>,<<"2.1.0">>},1},
 {<<"opentelemetry_api">>,{pkg,<<"opentelemetry_api">>,<<"1.5.0">>},1},
 {<<"opentelemetry_api_experimental">>,
  {pkg,<<"opentelemetry_api_experimental">>,<<"0.5.1">>},
  1},
 {<<"quickrand">>,{pkg,<<"quickrand">>,<<"2.0.7">>},2},
 {<<"telemetry">>,{pkg,<<"telemetry">>,<<"1.3.0">>},1},
 {<<"temporal_sdk">>,{pkg,<<"temporal_sdk">>,<<"0.1.13">>},0},
 {<<"uuid">>,{pkg,<<"uuid_erl">>,<<"2.0.7">>},1}]}.
[
{pkg_hash,[
 {<<"cowlib">>, <<"DB8F7505D8332D98EF50A3EF34B34C1AFDDEC7506E4EE4DD4A3A266285D282CA">>},
 {<<"gun">>, <<"B4E4CBBF3026D21981C447E9E7CA856766046EFF693720BA43114D7F5DE36E87">>},
 {<<"opentelemetry_api">>, <<"1A676F3E3340CAB81C763E939A42E11A70C22863F645AA06AAFEFC689B5550CF">>},
 {<<"opentelemetry_api_experimental">>, <<"1B5AFACFCBD0834390336C845BC8AE08C8CF0D69BBED72EE53D178798B93E074">>},
 {<<"quickrand">>, <<"D2BD76676A446E6A058D678444B7FDA1387B813710D1AF6D6E29BB92186C8820">>},
 {<<"telemetry">>, <<"FEDEBBAE410D715CF8E7062C96A1EF32EC22E764197F70CDA73D82778D61E7A2">>},
 {<<"temporal_sdk">>, <<"19B80F076C8B98CE072B72385EE9F37C5D432BE0039D7F5DD1BFA9806466EF76">>},
 {<<"uuid">>, <<"B2078D2CC814F53AFA52D36C91E08962C7E7373585C623F4C0EA6DFB04B2AF94">>}]},
{pkg_hash_ext,[
 {<<"cowlib">>, <<"E1E1284DC3FC030A64B1AD0D8382AE7E99DA46C3246B815318A4B848873800A4">>},
 {<<"gun">>, <<"52FC7FC246BFC3B00E01AEA1C2854C70A366348574AB50C57DFE796D24A0101D">>},
 {<<"opentelemetry_api">>, <<"F53EC8A1337AE4A487D43AC89DA4BD3A3C99DDF576655D071DEED8B56A2D5DDA">>},
 {<<"opentelemetry_api_experimental">>, <<"10297057EADA47267D4F832011BECEF07D25690E6BF91FEBCCFC4E740DBA1A6F">>},
 {<<"quickrand">>, <<"B8ACBF89A224BC217C3070CA8BEBC6EB236DBE7F9767993B274084EA044D35F0">>},
 {<<"telemetry">>, <<"7015FC8919DBE63764F4B4B87A95B7C0996BD539E0D499BE6EC9D7F3875B79E6">>},
 {<<"temporal_sdk">>, <<"26F17D86A9D0FED22C7ADB3B79D56A0ECC6984389520C4D5D82D92D7EE328066">>},
 {<<"uuid">>, <<"4E4C5CA3461DC47C5E157ED42AA3981A053B7A186792AF972A27B14A9489324E">>}]}
].
